{
  "name": "assets",
  "lockfileVersion": 3,
  "requires": true,
  "packages": {
    "": {
      "name": "assets",
      "dependencies": {
        "daisyui": "^5.3.7",
        "phoenix_typed_hook": "^0.18.2",
        "tailwindcss": "^4.1.14"
      }
    },
    "node_modules/@types/phoenix": {
      "version": "1.6.6",
      "resolved": "https://registry.npmjs.org/@types/phoenix/-/phoenix-1.6.6.tgz",
      "integrity": "sha512-PIzZZlEppgrpoT2QgbnDU+MMzuR6BbCjllj0bM70lWoejMeNJAxCchxnv7J3XFkI8MpygtRpzXrIlmWUBclP5A==",
      "license": "MIT",
      "peer": true
    },
    "node_modules/@types/phoenix_live_view": {
      "version": "0.15.1",
      "resolved": "https://registry.npmjs.org/@types/phoenix_live_view/-/phoenix_live_view-0.15.1.tgz",
      "integrity": "sha512-dWKwJ9xqCHW+3TVfCIVC6/6ZMpURlDcu9qakWL89H5iWoSXs5X7gaKKnPXc7a1IKULieZjHBVkCW0Ui9aRf3Bg==",
      "license": "MIT",
      "peer": true,
      "dependencies": {
        "@types/phoenix": "*"
      }
    },
    "node_modules/daisyui": {
      "version": "5.3.7",
      "resolved": "https://registry.npmjs.org/daisyui/-/daisyui-5.3.7.tgz",
      "integrity": "sha512-0+8PaSGift0HlIQABCeZzWOBV5Nx/vsI2TihB9hbaEyZENPlZZz+se2JnAH5rz9gBYTyDLB7NJup8hkREr6WBw==",
      "license": "MIT",
      "funding": {
        "url": "https://github.com/saadeghi/daisyui?sponsor=1"
      }
    },
    "node_modules/phoenix_typed_hook": {
      "version": "0.18.2",
      "resolved": "https://registry.npmjs.org/phoenix_typed_hook/-/phoenix_typed_hook-0.18.2.tgz",
      "integrity": "sha512-6zh0dYFSwSmXRWWdkkDqmF4mpiNk9obpQPPNhxmcfMjSgsHlWPYvJ+cRVgKvasY4IyLpkpBlZboAOHBkcWFwAA==",
      "license": "MIT",
      "peerDependencies": {
        "@types/phoenix_live_view": "^0.15.1"
      }
    },
    "node_modules/tailwindcss": {
      "version": "4.1.14",
      "resolved": "https://registry.npmjs.org/tailwindcss/-/tailwindcss-4.1.14.tgz",
      "integrity": "sha512-b7pCxjGO98LnxVkKjaZSDeNuljC4ueKUddjENJOADtubtdo8llTaJy7HwBMeLNSSo2N5QIAgklslK1+Ir8r6CA==",
      "license": "MIT"
    }
  }
}
