{
  "name": "assets",
  "lockfileVersion": 3,
  "requires": true,
  "packages": {
    "": {
      "name": "assets",
      "dependencies": {
        "daisyui": "^5.3.7",
        "tailwindcss": "^4.1.14"
      }
    },
    "node_modules/daisyui": {
      "version": "5.3.7",
      "resolved": "https://registry.npmjs.org/daisyui/-/daisyui-5.3.7.tgz",
      "integrity": "sha512-0+8PaSGift0HlIQABCeZzWOBV5Nx/vsI2TihB9hbaEyZENPlZZz+se2JnAH5rz9gBYTyDLB7NJup8hkREr6WBw==",
      "license": "MIT",
      "funding": {
        "url": "https://github.com/saadeghi/daisyui?sponsor=1"
      }
    },
    "node_modules/tailwindcss": {
      "version": "4.1.14",
      "resolved": "https://registry.npmjs.org/tailwindcss/-/tailwindcss-4.1.14.tgz",
      "integrity": "sha512-b7pCxjGO98LnxVkKjaZSDeNuljC4ueKUddjENJOADtubtdo8llTaJy7HwBMeLNSSo2N5QIAgklslK1+Ir8r6CA==",
      "license": "MIT"
    }
  }
}
